schema: '2.0'
stages:
  get_data:
    cmd: python get_data.py
    deps:
    - path: get_data.py
      hash: md5
      md5: 15cf26455e237bc97b71ae1ca3e8631e
      size: 177
    outs:
    - path: data/heart.csv
      hash: md5
      md5: 323730f0580096f56bb83955df75c304
      size: 11585
  process_data:
    cmd: python process_data.py
    deps:
    - path: data/heart.csv
      hash: md5
      md5: 323730f0580096f56bb83955df75c304
      size: 11585
    - path: process_data.py
      hash: md5
      md5: fab86ea05764ebe19aa0db3f36c38c81
      size: 1312
    outs:
    - path: data/processed/test.csv
      hash: md5
      md5: d417b5a77322a32f3df614eb376ac8da
      size: 15773
    - path: data/processed/train.csv
      hash: md5
      md5: 64b91f4967baac073db07c14b314f35c
      size: 62790
  train_model:
    cmd: python train.py
    deps:
    - path: data/processed/train.csv
      hash: md5
      md5: 64b91f4967baac073db07c14b314f35c
      size: 62790
    - path: train.py
      hash: md5
      md5: 4bdbdeeae5311d7ce58635936b26816f
      size: 1618
    outs:
    - path: metrics.json
      hash: md5
      md5: c1908e5333ff00892e9303fe42cbffd7
      size: 120
    - path: model/heart_clf.pkl
      hash: md5
      md5: 76950ae9a4934ef382e0cb654c3acb37
      size: 820809
